// !$*UTF8*$!
{
	archiveVersion = 1;
	classes = {
	};
	objectVersion = 77;
	objects = {

/* Begin PBXBuildFile section */
		5700A4952E64BE8B00BEBFAE /* TileListView.swift in Sources */ = {isa = PBXBuildFile; fileRef = 5700A4932E64BE8B00BEBFAE /* TileListView.swift */; };
		5700A4982E64DC2900BEBFAE /* ModelFormType.swift in Sources */ = {isa = PBXBuildFile; fileRef = 5700A4972E64DC2900BEBFAE /* ModelFormType.swift */; };
		5756444B2E7582820087CBAC /* CameraPermissions.swift in Sources */ = {isa = PBXBuildFile; fileRef = 5756444A2E7582820087CBAC /* CameraPermissions.swift */; };
		5756444D2E7585610087CBAC /* UIKitCamera.swift in Sources */ = {isa = PBXBuildFile; fileRef = 5756444C2E7585610087CBAC /* UIKitCamera.swift */; };
		578071702E5280C900CA4EB1 /* TileViewCompact.swift in Sources */ = {isa = PBXBuildFile; fileRef = 5780716C2E5280C900CA4EB1 /* TileViewCompact.swift */; };
		578071942E53EA2500CA4EB1 /* MapView.swift in Sources */ = {isa = PBXBuildFile; fileRef = 578071932E53EA2500CA4EB1 /* MapView.swift */; };
		578071972E53F42E00CA4EB1 /* ReviewModel.swift in Sources */ = {isa = PBXBuildFile; fileRef = 578071962E53F42E00CA4EB1 /* ReviewModel.swift */; };
		578071AE2E53FEB300CA4EB1 /* TileViewLarge.swift in Sources */ = {isa = PBXBuildFile; fileRef = 578071AD2E53FEB300CA4EB1 /* TileViewLarge.swift */; };
		578845E82E5A5FDB000D3CEE /* MapList.swift in Sources */ = {isa = PBXBuildFile; fileRef = 578845E72E5A5FDB000D3CEE /* MapList.swift */; };
		57C458B12E6334CC007B6F33 /* Constants.swift in Sources */ = {isa = PBXBuildFile; fileRef = 57C458B02E6334CC007B6F33 /* Constants.swift */; };
		57C458B32E6340CE007B6F33 /* UpdateEditReviewModel.swift in Sources */ = {isa = PBXBuildFile; fileRef = 57C458B22E6340CE007B6F33 /* UpdateEditReviewModel.swift */; };
		57C458B52E634740007B6F33 /* EditEntry.swift in Sources */ = {isa = PBXBuildFile; fileRef = 57C458B42E634740007B6F33 /* EditEntry.swift */; };
		57FFCA2E2E63EC8500BF106A /* ImagePicker.swift in Sources */ = {isa = PBXBuildFile; fileRef = 57FFCA2D2E63EC8500BF106A /* ImagePicker.swift */; };
/* End PBXBuildFile section */

/* Begin PBXFileReference section */
		5700A4932E64BE8B00BEBFAE /* TileListView.swift */ = {isa = PBXFileReference; lastKnownFileType = sourcecode.swift; path = TileListView.swift; sourceTree = "<group>"; };
		5700A4972E64DC2900BEBFAE /* ModelFormType.swift */ = {isa = PBXFileReference; lastKnownFileType = sourcecode.swift; path = ModelFormType.swift; sourceTree = "<group>"; };
		5756444A2E7582820087CBAC /* CameraPermissions.swift */ = {isa = PBXFileReference; lastKnownFileType = sourcecode.swift; path = CameraPermissions.swift; sourceTree = "<group>"; };
		5756444C2E7585610087CBAC /* UIKitCamera.swift */ = {isa = PBXFileReference; lastKnownFileType = sourcecode.swift; path = UIKitCamera.swift; sourceTree = "<group>"; };
		5780716C2E5280C900CA4EB1 /* TileViewCompact.swift */ = {isa = PBXFileReference; lastKnownFileType = sourcecode.swift; path = TileViewCompact.swift; sourceTree = "<group>"; };
		578071932E53EA2500CA4EB1 /* MapView.swift */ = {isa = PBXFileReference; lastKnownFileType = sourcecode.swift; path = MapView.swift; sourceTree = "<group>"; };
		578071962E53F42E00CA4EB1 /* ReviewModel.swift */ = {isa = PBXFileReference; lastKnownFileType = sourcecode.swift; path = ReviewModel.swift; sourceTree = "<group>"; };
		578071AD2E53FEB300CA4EB1 /* TileViewLarge.swift */ = {isa = PBXFileReference; lastKnownFileType = sourcecode.swift; path = TileViewLarge.swift; sourceTree = "<group>"; };
		578845E72E5A5FDB000D3CEE /* MapList.swift */ = {isa = PBXFileReference; lastKnownFileType = sourcecode.swift; path = MapList.swift; sourceTree = "<group>"; };
		57A944212E5276E400EE3556 /* BiteLog.app */ = {isa = PBXFileReference; explicitFileType = wrapper.application; includeInIndex = 0; path = BiteLog.app; sourceTree = BUILT_PRODUCTS_DIR; };
		57C458B02E6334CC007B6F33 /* Constants.swift */ = {isa = PBXFileReference; lastKnownFileType = sourcecode.swift; path = Constants.swift; sourceTree = "<group>"; };
		57C458B22E6340CE007B6F33 /* UpdateEditReviewModel.swift */ = {isa = PBXFileReference; lastKnownFileType = sourcecode.swift; path = UpdateEditReviewModel.swift; sourceTree = "<group>"; };
		57C458B42E634740007B6F33 /* EditEntry.swift */ = {isa = PBXFileReference; lastKnownFileType = sourcecode.swift; path = EditEntry.swift; sourceTree = "<group>"; };
		57FFCA2D2E63EC8500BF106A /* ImagePicker.swift */ = {isa = PBXFileReference; lastKnownFileType = sourcecode.swift; path = ImagePicker.swift; sourceTree = "<group>"; };
/* End PBXFileReference section */

/* Begin PBXFileSystemSynchronizedRootGroup section */
		57A944232E5276E400EE3556 /* BiteLog */ = {
			isa = PBXFileSystemSynchronizedRootGroup;
			path = BiteLog;
			sourceTree = "<group>";
		};
/* End PBXFileSystemSynchronizedRootGroup section */

/* Begin PBXFrameworksBuildPhase section */
		57A9441E2E5276E400EE3556 /* Frameworks */ = {
			isa = PBXFrameworksBuildPhase;
			buildActionMask = 2147483647;
			files = (
			);
			runOnlyForDeploymentPostprocessing = 0;
		};
/* End PBXFrameworksBuildPhase section */

/* Begin PBXGroup section */
		5780718D2E53E64400CA4EB1 /* TileViews */ = {
			isa = PBXGroup;
			children = (
				5700A4932E64BE8B00BEBFAE /* TileListView.swift */,
				5780716C2E5280C900CA4EB1 /* TileViewCompact.swift */,
				578071AD2E53FEB300CA4EB1 /* TileViewLarge.swift */,
			);
			path = TileViews;
			sourceTree = "<group>";
		};
		578071922E53EA0E00CA4EB1 /* MapViews */ = {
			isa = PBXGroup;
			children = (
				578071932E53EA2500CA4EB1 /* MapView.swift */,
				578845E72E5A5FDB000D3CEE /* MapList.swift */,
			);
			path = MapViews;
			sourceTree = "<group>";
		};
		578071952E53F3E700CA4EB1 /* Model */ = {
			isa = PBXGroup;
			children = (
				578071962E53F42E00CA4EB1 /* ReviewModel.swift */,
				57C458B22E6340CE007B6F33 /* UpdateEditReviewModel.swift */,
				5700A4972E64DC2900BEBFAE /* ModelFormType.swift */,
			);
			path = Model;
			sourceTree = "<group>";
		};
		578071A22E53F5B800CA4EB1 /* Resources */ = {
			isa = PBXGroup;
			children = (
			);
			path = Resources;
			sourceTree = "<group>";
		};
		578846182E5BB035000D3CEE /* Entries */ = {
			isa = PBXGroup;
			children = (
				57C458B42E634740007B6F33 /* EditEntry.swift */,
			);
			path = Entries;
			sourceTree = "<group>";
		};
		57A944182E5276E400EE3556 = {
			isa = PBXGroup;
			children = (
				57A944232E5276E400EE3556 /* BiteLog */,
				578071922E53EA0E00CA4EB1 /* MapViews */,
				578846182E5BB035000D3CEE /* Entries */,
				57FFCA2A2E63EC6100BF106A /* ImagePicker */,
				5780718D2E53E64400CA4EB1 /* TileViews */,
				578071952E53F3E700CA4EB1 /* Model */,
				578071A22E53F5B800CA4EB1 /* Resources */,
				57C458AF2E6334B7007B6F33 /* Constants */,
				57A944222E5276E400EE3556 /* Products */,
			);
			sourceTree = "<group>";
		};
		57A944222E5276E400EE3556 /* Products */ = {
			isa = PBXGroup;
			children = (
				57A944212E5276E400EE3556 /* BiteLog.app */,
			);
			name = Products;
			sourceTree = "<group>";
		};
		57C458AF2E6334B7007B6F33 /* Constants */ = {
			isa = PBXGroup;
			children = (
				57C458B02E6334CC007B6F33 /* Constants.swift */,
			);
			path = Constants;
			sourceTree = "<group>";
		};
		57FFCA2A2E63EC6100BF106A /* ImagePicker */ = {
			isa = PBXGroup;
			children = (
				57FFCA2D2E63EC8500BF106A /* ImagePicker.swift */,
				5756444A2E7582820087CBAC /* CameraPermissions.swift */,
				5756444C2E7585610087CBAC /* UIKitCamera.swift */,
			);
			path = ImagePicker;
			sourceTree = "<group>";
		};
/* End PBXGroup section */

/* Begin PBXNativeTarget section */
		57A944202E5276E400EE3556 /* BiteLog */ = {
			isa = PBXNativeTarget;
			buildConfigurationList = 57A9442C2E5276E600EE3556 /* Build configuration list for PBXNativeTarget "BiteLog" */;
			buildPhases = (
				57A9441D2E5276E400EE3556 /* Sources */,
				57A9441E2E5276E400EE3556 /* Frameworks */,
				57A9441F2E5276E400EE3556 /* Resources */,
			);
			buildRules = (
			);
			dependencies = (
			);
			fileSystemSynchronizedGroups = (
				57A944232E5276E400EE3556 /* BiteLog */,
			);
			name = BiteLog;
			packageProductDependencies = (
			);
			productName = BiteLog;
			productReference = 57A944212E5276E400EE3556 /* BiteLog.app */;
			productType = "com.apple.product-type.application";
		};
/* End PBXNativeTarget section */

/* Begin PBXProject section */
		57A944192E5276E400EE3556 /* Project object */ = {
			isa = PBXProject;
			attributes = {
				BuildIndependentTargetsInParallel = 1;
				LastSwiftUpdateCheck = 2600;
				LastUpgradeCheck = 2600;
				TargetAttributes = {
					57A944202E5276E400EE3556 = {
						CreatedOnToolsVersion = 26.0;
					};
				};
			};
			buildConfigurationList = 57A9441C2E5276E400EE3556 /* Build configuration list for PBXProject "BiteLog" */;
			developmentRegion = en;
			hasScannedForEncodings = 0;
			knownRegions = (
				en,
				Base,
			);
			mainGroup = 57A944182E5276E400EE3556;
			minimizedProjectReferenceProxies = 1;
			preferredProjectObjectVersion = 77;
			productRefGroup = 57A944222E5276E400EE3556 /* Products */;
			projectDirPath = "";
			projectRoot = "";
			targets = (
				57A944202E5276E400EE3556 /* BiteLog */,
			);
		};
/* End PBXProject section */

/* Begin PBXResourcesBuildPhase section */
		57A9441F2E5276E400EE3556 /* Resources */ = {
			isa = PBXResourcesBuildPhase;
			buildActionMask = 2147483647;
			files = (
			);
			runOnlyForDeploymentPostprocessing = 0;
		};
/* End PBXResourcesBuildPhase section */

/* Begin PBXSourcesBuildPhase section */
		57A9441D2E5276E400EE3556 /* Sources */ = {
			isa = PBXSourcesBuildPhase;
			buildActionMask = 2147483647;
			files = (
				578071972E53F42E00CA4EB1 /* ReviewModel.swift in Sources */,
				5756444D2E7585610087CBAC /* UIKitCamera.swift in Sources */,
				57C458B12E6334CC007B6F33 /* Constants.swift in Sources */,
				5700A4952E64BE8B00BEBFAE /* TileListView.swift in Sources */,
				578071942E53EA2500CA4EB1 /* MapView.swift in Sources */,
				57FFCA2E2E63EC8500BF106A /* ImagePicker.swift in Sources */,
				57C458B52E634740007B6F33 /* EditEntry.swift in Sources */,
				578845E82E5A5FDB000D3CEE /* MapList.swift in Sources */,
				5756444B2E7582820087CBAC /* CameraPermissions.swift in Sources */,
				57C458B32E6340CE007B6F33 /* UpdateEditReviewModel.swift in Sources */,
				578071702E5280C900CA4EB1 /* TileViewCompact.swift in Sources */,
				5700A4982E64DC2900BEBFAE /* ModelFormType.swift in Sources */,
				578071AE2E53FEB300CA4EB1 /* TileViewLarge.swift in Sources */,
			);
			runOnlyForDeploymentPostprocessing = 0;
		};
/* End PBXSourcesBuildPhase section */

/* Begin XCBuildConfiguration section */
		57A9442A2E5276E600EE3556 /* Debug */ = {
			isa = XCBuildConfiguration;
			buildSettings = {
				ALWAYS_SEARCH_USER_PATHS = NO;
				ASSETCATALOG_COMPILER_GENERATE_SWIFT_ASSET_SYMBOL_EXTENSIONS = YES;
				CLANG_ANALYZER_NONNULL = YES;
				CLANG_ANALYZER_NUMBER_OBJECT_CONVERSION = YES_AGGRESSIVE;
				CLANG_CXX_LANGUAGE_STANDARD = "gnu++20";
				CLANG_ENABLE_MODULES = YES;
				CLANG_ENABLE_OBJC_ARC = YES;
				CLANG_ENABLE_OBJC_WEAK = YES;
				CLANG_WARN_BLOCK_CAPTURE_AUTORELEASING = YES;
				CLANG_WARN_BOOL_CONVERSION = YES;
				CLANG_WARN_COMMA = YES;
				CLANG_WARN_CONSTANT_CONVERSION = YES;
				CLANG_WARN_DEPRECATED_OBJC_IMPLEMENTATIONS = YES;
				CLANG_WARN_DIRECT_OBJC_ISA_USAGE = YES_ERROR;
				CLANG_WARN_DOCUMENTATION_COMMENTS = YES;
				CLANG_WARN_EMPTY_BODY = YES;
				CLANG_WARN_ENUM_CONVERSION = YES;
				CLANG_WARN_INFINITE_RECURSION = YES;
				CLANG_WARN_INT_CONVERSION = YES;
				CLANG_WARN_NON_LITERAL_NULL_CONVERSION = YES;
				CLANG_WARN_OBJC_IMPLICIT_RETAIN_SELF = YES;
				CLANG_WARN_OBJC_LITERAL_CONVERSION = YES;
				CLANG_WARN_OBJC_ROOT_CLASS = YES_ERROR;
				CLANG_WARN_QUOTED_INCLUDE_IN_FRAMEWORK_HEADER = YES;
				CLANG_WARN_RANGE_LOOP_ANALYSIS = YES;
				CLANG_WARN_STRICT_PROTOTYPES = YES;
				CLANG_WARN_SUSPICIOUS_MOVE = YES;
				CLANG_WARN_UNGUARDED_AVAILABILITY = YES_AGGRESSIVE;
				CLANG_WARN_UNREACHABLE_CODE = YES;
				CLANG_WARN__DUPLICATE_METHOD_MATCH = YES;
				COPY_PHASE_STRIP = NO;
				DEBUG_INFORMATION_FORMAT = dwarf;
				DEVELOPMENT_TEAM = QR3S736HDB;
				ENABLE_STRICT_OBJC_MSGSEND = YES;
				ENABLE_TESTABILITY = YES;
				ENABLE_USER_SCRIPT_SANDBOXING = YES;
				GCC_C_LANGUAGE_STANDARD = gnu17;
				GCC_DYNAMIC_NO_PIC = NO;
				GCC_NO_COMMON_BLOCKS = YES;
				GCC_OPTIMIZATION_LEVEL = 0;
				GCC_PREPROCESSOR_DEFINITIONS = (
					"DEBUG=1",
					"$(inherited)",
				);
				GCC_WARN_64_TO_32_BIT_CONVERSION = YES;
				GCC_WARN_ABOUT_RETURN_TYPE = YES_ERROR;
				GCC_WARN_UNDECLARED_SELECTOR = YES;
				GCC_WARN_UNINITIALIZED_AUTOS = YES_AGGRESSIVE;
				GCC_WARN_UNUSED_FUNCTION = YES;
				GCC_WARN_UNUSED_VARIABLE = YES;
				IPHONEOS_DEPLOYMENT_TARGET = 26.0;
				LOCALIZATION_PREFERS_STRING_CATALOGS = YES;
				MTL_ENABLE_DEBUG_INFO = INCLUDE_SOURCE;
				MTL_FAST_MATH = YES;
				ONLY_ACTIVE_ARCH = YES;
				SDKROOT = iphoneos;
				SWIFT_ACTIVE_COMPILATION_CONDITIONS = "DEBUG $(inherited)";
				SWIFT_OPTIMIZATION_LEVEL = "-Onone";
			};
			name = Debug;
		};
		57A9442B2E5276E600EE3556 /* Release */ = {
			isa = XCBuildConfiguration;
			buildSettings = {
				ALWAYS_SEARCH_USER_PATHS = NO;
				ASSETCATALOG_COMPILER_GENERATE_SWIFT_ASSET_SYMBOL_EXTENSIONS = YES;
				CLANG_ANALYZER_NONNULL = YES;
				CLANG_ANALYZER_NUMBER_OBJECT_CONVERSION = YES_AGGRESSIVE;
				CLANG_CXX_LANGUAGE_STANDARD = "gnu++20";
				CLANG_ENABLE_MODULES = YES;
				CLANG_ENABLE_OBJC_ARC = YES;
				CLANG_ENABLE_OBJC_WEAK = YES;
				CLANG_WARN_BLOCK_CAPTURE_AUTORELEASING = YES;
				CLANG_WARN_BOOL_CONVERSION = YES;
				CLANG_WARN_COMMA = YES;
				CLANG_WARN_CONSTANT_CONVERSION = YES;
				CLANG_WARN_DEPRECATED_OBJC_IMPLEMENTATIONS = YES;
				CLANG_WARN_DIRECT_OBJC_ISA_USAGE = YES_ERROR;
				CLANG_WARN_DOCUMENTATION_COMMENTS = YES;
				CLANG_WARN_EMPTY_BODY = YES;
				CLANG_WARN_ENUM_CONVERSION = YES;
				CLANG_WARN_INFINITE_RECURSION = YES;
				CLANG_WARN_INT_CONVERSION = YES;
				CLANG_WARN_NON_LITERAL_NULL_CONVERSION = YES;
				CLANG_WARN_OBJC_IMPLICIT_RETAIN_SELF = YES;
				CLANG_WARN_OBJC_LITERAL_CONVERSION = YES;
				CLANG_WARN_OBJC_ROOT_CLASS = YES_ERROR;
				CLANG_WARN_QUOTED_INCLUDE_IN_FRAMEWORK_HEADER = YES;
				CLANG_WARN_RANGE_LOOP_ANALYSIS = YES;
				CLANG_WARN_STRICT_PROTOTYPES = YES;
				CLANG_WARN_SUSPICIOUS_MOVE = YES;
				CLANG_WARN_UNGUARDED_AVAILABILITY = YES_AGGRESSIVE;
				CLANG_WARN_UNREACHABLE_CODE = YES;
				CLANG_WARN__DUPLICATE_METHOD_MATCH = YES;
				COPY_PHASE_STRIP = NO;
				DEBUG_INFORMATION_FORMAT = "dwarf-with-dsym";
				DEVELOPMENT_TEAM = QR3S736HDB;
				ENABLE_NS_ASSERTIONS = NO;
				ENABLE_STRICT_OBJC_MSGSEND = YES;
				ENABLE_USER_SCRIPT_SANDBOXING = YES;
				GCC_C_LANGUAGE_STANDARD = gnu17;
				GCC_NO_COMMON_BLOCKS = YES;
				GCC_WARN_64_TO_32_BIT_CONVERSION = YES;
				GCC_WARN_ABOUT_RETURN_TYPE = YES_ERROR;
				GCC_WARN_UNDECLARED_SELECTOR = YES;
				GCC_WARN_UNINITIALIZED_AUTOS = YES_AGGRESSIVE;
				GCC_WARN_UNUSED_FUNCTION = YES;
				GCC_WARN_UNUSED_VARIABLE = YES;
				IPHONEOS_DEPLOYMENT_TARGET = 26.0;
				LOCALIZATION_PREFERS_STRING_CATALOGS = YES;
				MTL_ENABLE_DEBUG_INFO = NO;
				MTL_FAST_MATH = YES;
				SDKROOT = iphoneos;
				SWIFT_COMPILATION_MODE = wholemodule;
				VALIDATE_PRODUCT = YES;
			};
			name = Release;
		};
		57A9442D2E5276E600EE3556 /* Debug */ = {
			isa = XCBuildConfiguration;
			buildSettings = {
				ASSETCATALOG_COMPILER_APPICON_NAME = AppIcon;
				ASSETCATALOG_COMPILER_GLOBAL_ACCENT_COLOR_NAME = AccentColor;
				CODE_SIGN_STYLE = Automatic;
				CURRENT_PROJECT_VERSION = 1;
				DEVELOPMENT_TEAM = QR3S736HDB;
				ENABLE_PREVIEWS = YES;
				GENERATE_INFOPLIST_FILE = YES;
				INFOPLIST_KEY_NSCameraUsageDescription = "Permission required to take photos with camera";
				INFOPLIST_KEY_UIApplicationSceneManifest_Generation = YES;
				INFOPLIST_KEY_UIApplicationSupportsIndirectInputEvents = YES;
				INFOPLIST_KEY_UILaunchScreen_Generation = YES;
				INFOPLIST_KEY_UISupportedInterfaceOrientations_iPad = "UIInterfaceOrientationPortrait UIInterfaceOrientationPortraitUpsideDown UIInterfaceOrientationLandscapeLeft UIInterfaceOrientationLandscapeRight";
				INFOPLIST_KEY_UISupportedInterfaceOrientations_iPhone = "UIInterfaceOrientationPortrait UIInterfaceOrientationLandscapeLeft UIInterfaceOrientationLandscapeRight";
				LD_RUNPATH_SEARCH_PATHS = (
					"$(inherited)",
					"@executable_path/Frameworks",
				);
				MARKETING_VERSION = 1.0;
				PRODUCT_BUNDLE_IDENTIFIER = RiverHalverson.BiteLog;
				PRODUCT_NAME = "$(TARGET_NAME)";
				STRING_CATALOG_GENERATE_SYMBOLS = YES;
				SWIFT_APPROACHABLE_CONCURRENCY = YES;
				SWIFT_DEFAULT_ACTOR_ISOLATION = MainActor;
				SWIFT_EMIT_LOC_STRINGS = YES;
				SWIFT_UPCOMING_FEATURE_MEMBER_IMPORT_VISIBILITY = YES;
				SWIFT_VERSION = 5.0;
				TARGETED_DEVICE_FAMILY = "1,2";
			};
			name = Debug;
		};
		57A9442E2E5276E600EE3556 /* Release */ = {
			isa = XCBuildConfiguration;
			buildSettings = {
				ASSETCATALOG_COMPILER_APPICON_NAME = AppIcon;
				ASSETCATALOG_COMPILER_GLOBAL_ACCENT_COLOR_NAME = AccentColor;
				CODE_SIGN_STYLE = Automatic;
				CURRENT_PROJECT_VERSION = 1;
				DEVELOPMENT_TEAM = QR3S736HDB;
				ENABLE_PREVIEWS = YES;
				GENERATE_INFOPLIST_FILE = YES;
				INFOPLIST_KEY_NSCameraUsageDescription = "Permission required to take photos with camera";
				INFOPLIST_KEY_UIApplicationSceneManifest_Generation = YES;
				INFOPLIST_KEY_UIApplicationSupportsIndirectInputEvents = YES;
				INFOPLIST_KEY_UILaunchScreen_Generation = YES;
				INFOPLIST_KEY_UISupportedInterfaceOrientations_iPad = "UIInterfaceOrientationPortrait UIInterfaceOrientationPortraitUpsideDown UIInterfaceOrientationLandscapeLeft UIInterfaceOrientationLandscapeRight";
				INFOPLIST_KEY_UISupportedInterfaceOrientations_iPhone = "UIInterfaceOrientationPortrait UIInterfaceOrientationLandscapeLeft UIInterfaceOrientationLandscapeRight";
				LD_RUNPATH_SEARCH_PATHS = (
					"$(inherited)",
					"@executable_path/Frameworks",
				);
				MARKETING_VERSION = 1.0;
				PRODUCT_BUNDLE_IDENTIFIER = RiverHalverson.BiteLog;
				PRODUCT_NAME = "$(TARGET_NAME)";
				STRING_CATALOG_GENERATE_SYMBOLS = YES;
				SWIFT_APPROACHABLE_CONCURRENCY = YES;
				SWIFT_DEFAULT_ACTOR_ISOLATION = MainActor;
				SWIFT_EMIT_LOC_STRINGS = YES;
				SWIFT_UPCOMING_FEATURE_MEMBER_IMPORT_VISIBILITY = YES;
				SWIFT_VERSION = 5.0;
				TARGETED_DEVICE_FAMILY = "1,2";
			};
			name = Release;
		};
/* End XCBuildConfiguration section */

/* Begin XCConfigurationList section */
		57A9441C2E5276E400EE3556 /* Build configuration list for PBXProject "BiteLog" */ = {
			isa = XCConfigurationList;
			buildConfigurations = (
				57A9442A2E5276E600EE3556 /* Debug */,
				57A9442B2E5276E600EE3556 /* Release */,
			);
			defaultConfigurationIsVisible = 0;
			defaultConfigurationName = Release;
		};
		57A9442C2E5276E600EE3556 /* Build configuration list for PBXNativeTarget "BiteLog" */ = {
			isa = XCConfigurationList;
			buildConfigurations = (
				57A9442D2E5276E600EE3556 /* Debug */,
				57A9442E2E5276E600EE3556 /* Release */,
			);
			defaultConfigurationIsVisible = 0;
			defaultConfigurationName = Release;
		};
/* End XCConfigurationList section */
	};
	rootObject = 57A944192E5276E400EE3556 /* Project object */;
}
